github.com/gorilla/websocket v1.5.1 h1:gmztn0JnHVt9JZquRuzLw3g4wouNVzKL15iLr/zn/QY=
github.com/gorilla/websocket v1.5.1/go.mod h1:x3kM2JMyaluk02fnUJpQuwD2dCS5NDG2ZHL0uE0tcaY=
github.com/tkw1536/pkglib v0.0.0-20240417153721-ad77c3f73a45 h1:uv/Vm7ByyACYRW/UX1NwMGLMcsnwoseoJ32gGxeLj6E=
github.com/tkw1536/pkglib v0.0.0-20240417153721-ad77c3f73a45/go.mod h1:lXQyTJrMOV6DkSbCamf7R+12pWjWyPFB9f+foGgOoxk=
golang.org/x/net v0.24.0 h1:1PcaxkF854Fu3+lvBIx5SYn9wRlBzzcnHZSiaFFAb0w=
golang.org/x/net v0.24.0/go.mod h1:2Q7sJY5mzlzWjKtYUEXSlBWCdyaioyXzRB2RtU8KVE8=
